// !$*UTF8*$!
{
	archiveVersion = 1;
	classes = {
	};
	objectVersion = 46;
	objects = {

/* Begin PBXBuildFile section */
		D4FD917F1BD49F5200D260A1 /* main.m in Sources */ = {isa = PBXBuildFile; fileRef = D4FD917E1BD49F5200D260A1 /* main.m */; };
		D4FD91821BD49F5200D260A1 /* AppDelegate.m in Sources */ = {isa = PBXBuildFile; fileRef = D4FD91811BD49F5200D260A1 /* AppDelegate.m */; };
		D4FD91851BD49F5200D260A1 /* ViewController.m in Sources */ = {isa = PBXBuildFile; fileRef = D4FD91841BD49F5200D260A1 /* ViewController.m */; };
		D4FD91881BD49F5200D260A1 /* Main.storyboard in Resources */ = {isa = PBXBuildFile; fileRef = D4FD91861BD49F5200D260A1 /* Main.storyboard */; };
		D4FD918A1BD49F5200D260A1 /* Images.xcassets in Resources */ = {isa = PBXBuildFile; fileRef = D4FD91891BD49F5200D260A1 /* Images.xcassets */; };
		D4FD918D1BD49F5200D260A1 /* LaunchScreen.xib in Resources */ = {isa = PBXBuildFile; fileRef = D4FD918B1BD49F5200D260A1 /* LaunchScreen.xib */; };
		D4FD91991BD49F5200D260A1 /* FistGitHubTestTests.m in Sources */ = {isa = PBXBuildFile; fileRef = D4FD91981BD49F5200D260A1 /* FistGitHubTestTests.m */; };
/* End PBXBuildFile section */

/* Begin PBXContainerItemProxy section */
		D4FD91931BD49F5200D260A1 /* PBXContainerItemProxy */ = {
			isa = PBXContainerItemProxy;
			containerPortal = D4FD91711BD49F5200D260A1 /* Project object */;
			proxyType = 1;
			remoteGlobalIDString = D4FD91781BD49F5200D260A1;
			remoteInfo = FistGitHubTest;
		};
/* End PBXContainerItemProxy section */

/* Begin PBXFileReference section */
		D4FD91791BD49F5200D260A1 /* FistGitHubTest.app */ = {isa = PBXFileReference; explicitFileType = wrapper.application; includeInIndex = 0; path = FistGitHubTest.app; sourceTree = BUILT_PRODUCTS_DIR; };
		D4FD917D1BD49F5200D260A1 /* Info.plist */ = {isa = PBXFileReference; lastKnownFileType = text.plist.xml; path = Info.plist; sourceTree = "<group>"; };
		D4FD917E1BD49F5200D260A1 /* main.m */ = {isa = PBXFileReference; lastKnownFileType = sourcecode.c.objc; path = main.m; sourceTree = "<group>"; };
		D4FD91801BD49F5200D260A1 /* AppDelegate.h */ = {isa = PBXFileReference; lastKnownFileType = sourcecode.c.h; path = AppDelegate.h; sourceTree = "<group>"; };
		D4FD91811BD49F5200D260A1 /* AppDelegate.m */ = {isa = PBXFileReference; lastKnownFileType = sourcecode.c.objc; path = AppDelegate.m; sourceTree = "<group>"; };
		D4FD91831BD49F5200D260A1 /* ViewController.h */ = {isa = PBXFileReference; lastKnownFileType = sourcecode.c.h; path = ViewController.h; sourceTree = "<group>"; };
		D4FD91841BD49F5200D260A1 /* ViewController.m */ = {isa = PBXFileReference; lastKnownFileType = sourcecode.c.objc; path = ViewController.m; sourceTree = "<group>"; };
		D4FD91871BD49F5200D260A1 /* Base */ = {isa = PBXFileReference; lastKnownFileType = file.storyboard; name = Base; path = Base.lproj/Main.storyboard; sourceTree = "<group>"; };
		D4FD91891BD49F5200D260A1 /* Images.xcassets */ = {isa = PBXFileReference; lastKnownFileType = folder.assetcatalog; path = Images.xcassets; sourceTree = "<group>"; };
		D4FD918C1BD49F5200D260A1 /* Base */ = {isa = PBXFileReference; lastKnownFileType = file.xib; name = Base; path = Base.lproj/LaunchScreen.xib; sourceTree = "<group>"; };
		D4FD91921BD49F5200D260A1 /* FistGitHubTestTests.xctest */ = {isa = PBXFileReference; explicitFileType = wrapper.cfbundle; includeInIndex = 0; path = FistGitHubTestTests.xctest; sourceTree = BUILT_PRODUCTS_DIR; };
		D4FD91971BD49F5200D260A1 /* Info.plist */ = {isa = PBXFileReference; lastKnownFileType = text.plist.xml; path = Info.plist; sourceTree = "<group>"; };
		D4FD91981BD49F5200D260A1 /* FistGitHubTestTests.m */ = {isa = PBXFileReference; lastKnownFileType = sourcecode.c.objc; path = FistGitHubTestTests.m; sourceTree = "<group>"; };
/* End PBXFileReference section */

/* Begin PBXFrameworksBuildPhase section */
		D4FD91761BD49F5200D260A1 /* Frameworks */ = {
			isa = PBXFrameworksBuildPhase;
			buildActionMask = 2147483647;
			files = (
			);
			runOnlyForDeploymentPostprocessing = 0;
		};
		D4FD918F1BD49F5200D260A1 /* Frameworks */ = {
			isa = PBXFrameworksBuildPhase;
			buildActionMask = 2147483647;
			files = (
			);
			runOnlyForDeploymentPostprocessing = 0;
		};
/* End PBXFrameworksBuildPhase section */

/* Begin PBXGroup section */
		D4FD91701BD49F5200D260A1 = {
			isa = PBXGroup;
			children = (
				D4FD917B1BD49F5200D260A1 /* FistGitHubTest */,
				D4FD91951BD49F5200D260A1 /* FistGitHubTestTests */,
				D4FD917A1BD49F5200D260A1 /* Products */,
			);
			sourceTree = "<group>";
		};
		D4FD917A1BD49F5200D260A1 /* Products */ = {
			isa = PBXGroup;
			children = (
				D4FD91791BD49F5200D260A1 /* FistGitHubTest.app */,
				D4FD91921BD49F5200D260A1 /* FistGitHubTestTests.xctest */,
			);
			name = Products;
			sourceTree = "<group>";
		};
		D4FD917B1BD49F5200D260A1 /* FistGitHubTest */ = {
			isa = PBXGroup;
			children = (
				D4FD91801BD49F5200D260A1 /* AppDelegate.h */,
				D4FD91811BD49F5200D260A1 /* AppDelegate.m */,
				D4FD91831BD49F5200D260A1 /* ViewController.h */,
				D4FD91841BD49F5200D260A1 /* ViewController.m */,
				D4FD91861BD49F5200D260A1 /* Main.storyboard */,
				D4FD91891BD49F5200D260A1 /* Images.xcassets */,
				D4FD918B1BD49F5200D260A1 /* LaunchScreen.xib */,
				D4FD917C1BD49F5200D260A1 /* Supporting Files */,
			);
			path = FistGitHubTest;
			sourceTree = "<group>";
		};
		D4FD917C1BD49F5200D260A1 /* Supporting Files */ = {
			isa = PBXGroup;
			children = (
				D4FD917D1BD49F5200D260A1 /* Info.plist */,
				D4FD917E1BD49F5200D260A1 /* main.m */,
			);
			name = "Supporting Files";
			sourceTree = "<group>";
		};
		D4FD91951BD49F5200D260A1 /* FistGitHubTestTests */ = {
			isa = PBXGroup;
			children = (
				D4FD91981BD49F5200D260A1 /* FistGitHubTestTests.m */,
				D4FD91961BD49F5200D260A1 /* Supporting Files */,
			);
			path = FistGitHubTestTests;
			sourceTree = "<group>";
		};
		D4FD91961BD49F5200D260A1 /* Supporting Files */ = {
			isa = PBXGroup;
			children = (
				D4FD91971BD49F5200D260A1 /* Info.plist */,
			);
			name = "Supporting Files";
			sourceTree = "<group>";
		};
/* End PBXGroup section */

/* Begin PBXNativeTarget section */
		D4FD91781BD49F5200D260A1 /* FistGitHubTest */ = {
			isa = PBXNativeTarget;
			buildConfigurationList = D4FD919C1BD49F5200D260A1 /* Build configuration list for PBXNativeTarget "FistGitHubTest" */;
			buildPhases = (
				D4FD91751BD49F5200D260A1 /* Sources */,
				D4FD91761BD49F5200D260A1 /* Frameworks */,
				D4FD91771BD49F5200D260A1 /* Resources */,
			);
			buildRules = (
			);
			dependencies = (
			);
			name = FistGitHubTest;
			productName = FistGitHubTest;
			productReference = D4FD91791BD49F5200D260A1 /* FistGitHubTest.app */;
			productType = "com.apple.product-type.application";
		};
		D4FD91911BD49F5200D260A1 /* FistGitHubTestTests */ = {
			isa = PBXNativeTarget;
			buildConfigurationList = D4FD919F1BD49F5200D260A1 /* Build configuration list for PBXNativeTarget "FistGitHubTestTests" */;
			buildPhases = (
				D4FD918E1BD49F5200D260A1 /* Sources */,
				D4FD918F1BD49F5200D260A1 /* Frameworks */,
				D4FD91901BD49F5200D260A1 /* Resources */,
			);
			buildRules = (
			);
			dependencies = (
				D4FD91941BD49F5200D260A1 /* PBXTargetDependency */,
			);
			name = FistGitHubTestTests;
			productName = FistGitHubTestTests;
			productReference = D4FD91921BD49F5200D260A1 /* FistGitHubTestTests.xctest */;
			productType = "com.apple.product-type.bundle.unit-test";
		};
/* End PBXNativeTarget section */

/* Begin PBXProject section */
		D4FD91711BD49F5200D260A1 /* Project object */ = {
			isa = PBXProject;
			attributes = {
				LastUpgradeCheck = 0640;
				ORGANIZATIONNAME = echo;
				TargetAttributes = {
					D4FD91781BD49F5200D260A1 = {
						CreatedOnToolsVersion = 6.4;
					};
					D4FD91911BD49F5200D260A1 = {
						CreatedOnToolsVersion = 6.4;
						TestTargetID = D4FD91781BD49F5200D260A1;
					};
				};
			};
			buildConfigurationList = D4FD91741BD49F5200D260A1 /* Build configuration list for PBXProject "FistGitHubTest" */;
			compatibilityVersion = "Xcode 3.2";
			developmentRegion = English;
			hasScannedForEncodings = 0;
			knownRegions = (
				en,
				Base,
			);
			mainGroup = D4FD91701BD49F5200D260A1;
			productRefGroup = D4FD917A1BD49F5200D260A1 /* Products */;
			projectDirPath = "";
			projectRoot = "";
			targets = (
				D4FD91781BD49F5200D260A1 /* FistGitHubTest */,
				D4FD91911BD49F5200D260A1 /* FistGitHubTestTests */,
			);
		};
/* End PBXProject section */

/* Begin PBXResourcesBuildPhase section */
		D4FD91771BD49F5200D260A1 /* Resources */ = {
			isa = PBXResourcesBuildPhase;
			buildActionMask = 2147483647;
			files = (
				D4FD91881BD49F5200D260A1 /* Main.storyboard in Resources */,
				D4FD918D1BD49F5200D260A1 /* LaunchScreen.xib in Resources */,
				D4FD918A1BD49F5200D260A1 /* Images.xcassets in Resources */,
			);
			runOnlyForDeploymentPostprocessing = 0;
		};
		D4FD91901BD49F5200D260A1 /* Resources */ = {
			isa = PBXResourcesBuildPhase;
			buildActionMask = 2147483647;
			files = (
			);
			runOnlyForDeploymentPostprocessing = 0;
		};
/* End PBXResourcesBuildPhase section */

/* Begin PBXSourcesBuildPhase section */
		D4FD91751BD49F5200D260A1 /* Sources */ = {
			isa = PBXSourcesBuildPhase;
			buildActionMask = 2147483647;
			files = (
				D4FD91851BD49F5200D260A1 /* ViewController.m in Sources */,
				D4FD91821BD49F5200D260A1 /* AppDelegate.m in Sources */,
				D4FD917F1BD49F5200D260A1 /* main.m in Sources */,
			);
			runOnlyForDeploymentPostprocessing = 0;
		};
		D4FD918E1BD49F5200D260A1 /* Sources */ = {
			isa = PBXSourcesBuildPhase;
			buildActionMask = 2147483647;
			files = (
				D4FD91991BD49F5200D260A1 /* FistGitHubTestTests.m in Sources */,
			);
			runOnlyForDeploymentPostprocessing = 0;
		};
/* End PBXSourcesBuildPhase section */

/* Begin PBXTargetDependency section */
		D4FD91941BD49F5200D260A1 /* PBXTargetDependency */ = {
			isa = PBXTargetDependency;
			target = D4FD91781BD49F5200D260A1 /* FistGitHubTest */;
			targetProxy = D4FD91931BD49F5200D260A1 /* PBXContainerItemProxy */;
		};
/* End PBXTargetDependency section */

/* Begin PBXVariantGroup section */
		D4FD91861BD49F5200D260A1 /* Main.storyboard */ = {
			isa = PBXVariantGroup;
			children = (
				D4FD91871BD49F5200D260A1 /* Base */,
			);
			name = Main.storyboard;
			sourceTree = "<group>";
		};
		D4FD918B1BD49F5200D260A1 /* LaunchScreen.xib */ = {
			isa = PBXVariantGroup;
			children = (
				D4FD918C1BD49F5200D260A1 /* Base */,
			);
			name = LaunchScreen.xib;
			sourceTree = "<group>";
		};
/* End PBXVariantGroup section */

/* Begin XCBuildConfiguration section */
		D4FD919A1BD49F5200D260A1 /* Debug */ = {
			isa = XCBuildConfiguration;
			buildSettings = {
				ALWAYS_SEARCH_USER_PATHS = NO;
				CLANG_CXX_LANGUAGE_STANDARD = "gnu++0x";
				CLANG_CXX_LIBRARY = "libc++";
				CLANG_ENABLE_MODULES = YES;
				CLANG_ENABLE_OBJC_ARC = YES;
				CLANG_WARN_BOOL_CONVERSION = YES;
				CLANG_WARN_CONSTANT_CONVERSION = YES;
				CLANG_WARN_DIRECT_OBJC_ISA_USAGE = YES_ERROR;
				CLANG_WARN_EMPTY_BODY = YES;
				CLANG_WARN_ENUM_CONVERSION = YES;
				CLANG_WARN_INT_CONVERSION = YES;
				CLANG_WARN_OBJC_ROOT_CLASS = YES_ERROR;
				CLANG_WARN_UNREACHABLE_CODE = YES;
				CLANG_WARN__DUPLICATE_METHOD_MATCH = YES;
				"CODE_SIGN_IDENTITY[sdk=iphoneos*]" = "iPhone Developer";
				COPY_PHASE_STRIP = NO;
				DEBUG_INFORMATION_FORMAT = "dwarf-with-dsym";
				ENABLE_STRICT_OBJC_MSGSEND = YES;
				GCC_C_LANGUAGE_STANDARD = gnu99;
				GCC_DYNAMIC_NO_PIC = NO;
				GCC_NO_COMMON_BLOCKS = YES;
				GCC_OPTIMIZATION_LEVEL = 0;
				GCC_PREPROCESSOR_DEFINITIONS = (
					"DEBUG=1",
					"$(inherited)",
				);
				GCC_SYMBOLS_PRIVATE_EXTERN = NO;
				GCC_WARN_64_TO_32_BIT_CONVERSION = YES;
				GCC_WARN_ABOUT_RETURN_TYPE = YES_ERROR;
				GCC_WARN_UNDECLARED_SELECTOR = YES;
				GCC_WARN_UNINITIALIZED_AUTOS = YES_AGGRESSIVE;
				GCC_WARN_UNUSED_FUNCTION = YES;
				GCC_WARN_UNUSED_VARIABLE = YES;
				IPHONEOS_DEPLOYMENT_TARGET = 8.4;
				MTL_ENABLE_DEBUG_INFO = YES;
				ONLY_ACTIVE_ARCH = YES;
				SDKROOT = iphoneos;
			};
			name = Debug;
		};
		D4FD919B1BD49F5200D260A1 /* Release */ = {
			isa = XCBuildConfiguration;
			buildSettings = {
				ALWAYS_SEARCH_USER_PATHS = NO;
				CLANG_CXX_LANGUAGE_STANDARD = "gnu++0x";
				CLANG_CXX_LIBRARY = "libc++";
				CLANG_ENABLE_MODULES = YES;
				CLANG_ENABLE_OBJC_ARC = YES;
				CLANG_WARN_BOOL_CONVERSION = YES;
				CLANG_WARN_CONSTANT_CONVERSION = YES;
				CLANG_WARN_DIRECT_OBJC_ISA_USAGE = YES_ERROR;
				CLANG_WARN_EMPTY_BODY = YES;
				CLANG_WARN_ENUM_CONVERSION = YES;
				CLANG_WARN_INT_CONVERSION = YES;
				CLANG_WARN_OBJC_ROOT_CLASS = YES_ERROR;
				CLANG_WARN_UNREACHABLE_CODE = YES;
				CLANG_WARN__DUPLICATE_METHOD_MATCH = YES;
				"CODE_SIGN_IDENTITY[sdk=iphoneos*]" = "iPhone Developer";
				COPY_PHASE_STRIP = NO;
				DEBUG_INFORMATION_FORMAT = "dwarf-with-dsym";
				ENABLE_NS_ASSERTIONS = NO;
				ENABLE_STRICT_OBJC_MSGSEND = YES;
				GCC_C_LANGUAGE_STANDARD = gnu99;
				GCC_NO_COMMON_BLOCKS = YES;
				GCC_WARN_64_TO_32_BIT_CONVERSION = YES;
				GCC_WARN_ABOUT_RETURN_TYPE = YES_ERROR;
				GCC_WARN_UNDECLARED_SELECTOR = YES;
				GCC_WARN_UNINITIALIZED_AUTOS = YES_AGGRESSIVE;
				GCC_WARN_UNUSED_FUNCTION = YES;
				GCC_WARN_UNUSED_VARIABLE = YES;
				IPHONEOS_DEPLOYMENT_TARGET = 8.4;
				MTL_ENABLE_DEBUG_INFO = NO;
				SDKROOT = iphoneos;
				VALIDATE_PRODUCT = YES;
			};
			name = Release;
		};
		D4FD919D1BD49F5200D260A1 /* Debug */ = {
			isa = XCBuildConfiguration;
			buildSettings = {
				ASSETCATALOG_COMPILER_APPICON_NAME = AppIcon;
				INFOPLIST_FILE = FistGitHubTest/Info.plist;
				LD_RUNPATH_SEARCH_PATHS = "$(inherited) @executable_path/Frameworks";
				PRODUCT_NAME = "$(TARGET_NAME)";
			};
			name = Debug;
		};
		D4FD919E1BD49F5200D260A1 /* Release */ = {
			isa = XCBuildConfiguration;
			buildSettings = {
				ASSETCATALOG_COMPILER_APPICON_NAME = AppIcon;
				INFOPLIST_FILE = FistGitHubTest/Info.plist;
				LD_RUNPATH_SEARCH_PATHS = "$(inherited) @executable_path/Frameworks";
				PRODUCT_NAME = "$(TARGET_NAME)";
			};
			name = Release;
		};
		D4FD91A01BD49F5200D260A1 /* Debug */ = {
			isa = XCBuildConfiguration;
			buildSettings = {
				BUNDLE_LOADER = "$(TEST_HOST)";
				FRAMEWORK_SEARCH_PATHS = (
					"$(SDKROOT)/Developer/Library/Frameworks",
					"$(inherited)",
				);
				GCC_PREPROCESSOR_DEFINITIONS = (
					"DEBUG=1",
					"$(inherited)",
				);
				INFOPLIST_FILE = FistGitHubTestTests/Info.plist;
				LD_RUNPATH_SEARCH_PATHS = "$(inherited) @executable_path/Frameworks @loader_path/Frameworks";
				PRODUCT_NAME = "$(TARGET_NAME)";
				TEST_HOST = "$(BUILT_PRODUCTS_DIR)/FistGitHubTest.app/FistGitHubTest";
			};
			name = Debug;
		};
		D4FD91A11BD49F5200D260A1 /* Release */ = {
			isa = XCBuildConfiguration;
			buildSettings = {
				BUNDLE_LOADER = "$(TEST_HOST)";
				FRAMEWORK_SEARCH_PATHS = (
					"$(SDKROOT)/Developer/Library/Frameworks",
					"$(inherited)",
				);
				INFOPLIST_FILE = FistGitHubTestTests/Info.plist;
				LD_RUNPATH_SEARCH_PATHS = "$(inherited) @executable_path/Frameworks @loader_path/Frameworks";
				PRODUCT_NAME = "$(TARGET_NAME)";
				TEST_HOST = "$(BUILT_PRODUCTS_DIR)/FistGitHubTest.app/FistGitHubTest";
			};
			name = Release;
		};
/* End XCBuildConfiguration section */

/* Begin XCConfigurationList section */
		D4FD91741BD49F5200D260A1 /* Build configuration list for PBXProject "FistGitHubTest" */ = {
			isa = XCConfigurationList;
			buildConfigurations = (
				D4FD919A1BD49F5200D260A1 /* Debug */,
				D4FD919B1BD49F5200D260A1 /* Release */,
			);
			defaultConfigurationIsVisible = 0;
			defaultConfigurationName = Release;
		};
		D4FD919C1BD49F5200D260A1 /* Build configuration list for PBXNativeTarget "FistGitHubTest" */ = {
			isa = XCConfigurationList;
			buildConfigurations = (
				D4FD919D1BD49F5200D260A1 /* Debug */,
				D4FD919E1BD49F5200D260A1 /* Release */,
			);
			defaultConfigurationIsVisible = 0;
		};
		D4FD919F1BD49F5200D260A1 /* Build configuration list for PBXNativeTarget "FistGitHubTestTests" */ = {
			isa = XCConfigurationList;
			buildConfigurations = (
				D4FD91A01BD49F5200D260A1 /* Debug */,
				D4FD91A11BD49F5200D260A1 /* Release */,
			);
			defaultConfigurationIsVisible = 0;
		};
/* End XCConfigurationList section */
	};
	rootObject = D4FD91711BD49F5200D260A1 /* Project object */;
}
